// !$*UTF8*$!
{
	archiveVersion = 1;
	classes = {
	};
	objectVersion = 45;
	objects = {

/* Begin PBXBuildFile section */
		0504ACDA103239D700F0BCBB /* TCFakeAccelerometer.m in Sources */ = {isa = PBXBuildFile; fileRef = 0504ACD9103239D700F0BCBB /* TCFakeAccelerometer.m */; };
		0504AE741033104E00F0BCBB /* STNetwork.m in Sources */ = {isa = PBXBuildFile; fileRef = 0504AE731033104E00F0BCBB /* STNetwork.m */; };
		05AEA74E1030949A007822B0 /* main.m in Sources */ = {isa = PBXBuildFile; fileRef = 05AEA7451030949A007822B0 /* main.m */; };
		05AEA74F1030949A007822B0 /* MainWindow.xib in Resources */ = {isa = PBXBuildFile; fileRef = 05AEA7461030949A007822B0 /* MainWindow.xib */; };
		05AEA7501030949A007822B0 /* StervoxyTanksAppDelegate.m in Sources */ = {isa = PBXBuildFile; fileRef = 05AEA7491030949A007822B0 /* StervoxyTanksAppDelegate.m */; };
		05AEA7511030949A007822B0 /* EAGLView.m in Sources */ = {isa = PBXBuildFile; fileRef = 05AEA74D1030949A007822B0 /* EAGLView.m */; };
		05AEA76B1030B312007822B0 /* AsyncSocket.m in Sources */ = {isa = PBXBuildFile; fileRef = 05AEA76A1030B312007822B0 /* AsyncSocket.m */; };
		05AEA7701030B35C007822B0 /* CFNetwork.framework in Frameworks */ = {isa = PBXBuildFile; fileRef = 05AEA76F1030B35C007822B0 /* CFNetwork.framework */; };
		05AEA77A1030B5A3007822B0 /* MainMenu.m in Sources */ = {isa = PBXBuildFile; fileRef = 05AEA7791030B5A3007822B0 /* MainMenu.m */; };
		05AEA77C1030B5CA007822B0 /* MainMenu.xib in Resources */ = {isa = PBXBuildFile; fileRef = 05AEA77B1030B5CA007822B0 /* MainMenu.xib */; };
		05AEA7821030B621007822B0 /* ActionTableController.m in Sources */ = {isa = PBXBuildFile; fileRef = 05AEA7811030B621007822B0 /* ActionTableController.m */; };
		05AEA7B91030B870007822B0 /* CollectionUtils.m in Sources */ = {isa = PBXBuildFile; fileRef = 05AEA7B21030B870007822B0 /* CollectionUtils.m */; };
		05AEA7BA1030B870007822B0 /* ExceptionUtils.m in Sources */ = {isa = PBXBuildFile; fileRef = 05AEA7B41030B870007822B0 /* ExceptionUtils.m */; };
		05AEA7BB1030B870007822B0 /* Logging.m in Sources */ = {isa = PBXBuildFile; fileRef = 05AEA7B61030B870007822B0 /* Logging.m */; };
		05AEA7BC1030B870007822B0 /* Test.m in Sources */ = {isa = PBXBuildFile; fileRef = 05AEA7B81030B870007822B0 /* Test.m */; };
		05AEA7CF1030B8C9007822B0 /* PLBlocks.framework in Frameworks */ = {isa = PBXBuildFile; fileRef = 05AEA7CE1030B8C9007822B0 /* PLBlocks.framework */; };
		05AEA81A1030BB39007822B0 /* GameController.m in Sources */ = {isa = PBXBuildFile; fileRef = 05AEA8191030BB39007822B0 /* GameController.m */; };
		05AEA8271030BB6E007822B0 /* GameView.m in Sources */ = {isa = PBXBuildFile; fileRef = 05AEA8261030BB6E007822B0 /* GameView.m */; };
		05AEA82D1030BCA3007822B0 /* GameController.xib in Resources */ = {isa = PBXBuildFile; fileRef = 05AEA82C1030BCA3007822B0 /* GameController.xib */; };
		05AEA84F1030BE40007822B0 /* GameKit.framework in Frameworks */ = {isa = PBXBuildFile; fileRef = 05AEA84E1030BE40007822B0 /* GameKit.framework */; };
		1D60589F0D05DD5A006BFB54 /* Foundation.framework in Frameworks */ = {isa = PBXBuildFile; fileRef = 1D30AB110D05D00D00671497 /* Foundation.framework */; };
		1DF5F4E00D08C38300B7A737 /* UIKit.framework in Frameworks */ = {isa = PBXBuildFile; fileRef = 1DF5F4DF0D08C38300B7A737 /* UIKit.framework */; };
		216383C31031A5A70008D39F /* CPBody.m in Sources */ = {isa = PBXBuildFile; fileRef = 216383A01031A5A70008D39F /* CPBody.m */; };
		216383C41031A5A70008D39F /* CPChipmunk.m in Sources */ = {isa = PBXBuildFile; fileRef = 216383A21031A5A70008D39F /* CPChipmunk.m */; };
		216383C51031A5A70008D39F /* CPConstraint.m in Sources */ = {isa = PBXBuildFile; fileRef = 216383A41031A5A70008D39F /* CPConstraint.m */; };
		216383C61031A5A70008D39F /* CPShape.m in Sources */ = {isa = PBXBuildFile; fileRef = 216383A61031A5A70008D39F /* CPShape.m */; };
		216383C71031A5A70008D39F /* CPSimpleMotor.m in Sources */ = {isa = PBXBuildFile; fileRef = 216383A81031A5A70008D39F /* CPSimpleMotor.m */; };
		216383C81031A5A70008D39F /* CPSpace.m in Sources */ = {isa = PBXBuildFile; fileRef = 216383AA1031A5A70008D39F /* CPSpace.m */; };
		216383C91031A5A70008D39F /* README in Resources */ = {isa = PBXBuildFile; fileRef = 216383AB1031A5A70008D39F /* README */; };
		216383FF1031A5B80008D39F /* chipmunk.c in Sources */ = {isa = PBXBuildFile; fileRef = 216383CB1031A5B80008D39F /* chipmunk.c */; };
		216384001031A5B80008D39F /* CMakeLists.txt in Resources */ = {isa = PBXBuildFile; fileRef = 216383CE1031A5B80008D39F /* CMakeLists.txt */; };
		216384011031A5B80008D39F /* cpBreakableJoint.c in Sources */ = {isa = PBXBuildFile; fileRef = 216383D01031A5B80008D39F /* cpBreakableJoint.c */; };
		216384021031A5B80008D39F /* cpConstraint.c in Sources */ = {isa = PBXBuildFile; fileRef = 216383D21031A5B80008D39F /* cpConstraint.c */; };
		216384031031A5B80008D39F /* cpDampedRotarySpring.c in Sources */ = {isa = PBXBuildFile; fileRef = 216383D41031A5B80008D39F /* cpDampedRotarySpring.c */; };
		216384041031A5B80008D39F /* cpDampedSpring.c in Sources */ = {isa = PBXBuildFile; fileRef = 216383D61031A5B80008D39F /* cpDampedSpring.c */; };
		216384051031A5B80008D39F /* cpGearJoint.c in Sources */ = {isa = PBXBuildFile; fileRef = 216383D81031A5B80008D39F /* cpGearJoint.c */; };
		216384061031A5B80008D39F /* cpGrooveJoint.c in Sources */ = {isa = PBXBuildFile; fileRef = 216383DA1031A5B80008D39F /* cpGrooveJoint.c */; };
		216384071031A5B80008D39F /* cpPinJoint.c in Sources */ = {isa = PBXBuildFile; fileRef = 216383DC1031A5B80008D39F /* cpPinJoint.c */; };
		216384081031A5B80008D39F /* cpPivotJoint.c in Sources */ = {isa = PBXBuildFile; fileRef = 216383DE1031A5B80008D39F /* cpPivotJoint.c */; };
		216384091031A5B80008D39F /* cpRotaryLimitJoint.c in Sources */ = {isa = PBXBuildFile; fileRef = 216383E01031A5B80008D39F /* cpRotaryLimitJoint.c */; };
		2163840A1031A5B80008D39F /* cpSimpleMotor.c in Sources */ = {isa = PBXBuildFile; fileRef = 216383E21031A5B80008D39F /* cpSimpleMotor.c */; };
		2163840B1031A5B80008D39F /* cpSlideJoint.c in Sources */ = {isa = PBXBuildFile; fileRef = 216383E41031A5B80008D39F /* cpSlideJoint.c */; };
		2163840C1031A5B80008D39F /* cpArbiter.c in Sources */ = {isa = PBXBuildFile; fileRef = 216383E71031A5B80008D39F /* cpArbiter.c */; };
		2163840D1031A5B80008D39F /* cpArray.c in Sources */ = {isa = PBXBuildFile; fileRef = 216383E91031A5B80008D39F /* cpArray.c */; };
		2163840E1031A5B80008D39F /* cpBB.c in Sources */ = {isa = PBXBuildFile; fileRef = 216383EB1031A5B80008D39F /* cpBB.c */; };
		2163840F1031A5B80008D39F /* cpBody.c in Sources */ = {isa = PBXBuildFile; fileRef = 216383ED1031A5B80008D39F /* cpBody.c */; };
		216384101031A5B80008D39F /* cpCollision.c in Sources */ = {isa = PBXBuildFile; fileRef = 216383EF1031A5B80008D39F /* cpCollision.c */; };
		216384111031A5B80008D39F /* cpHashSet.c in Sources */ = {isa = PBXBuildFile; fileRef = 216383F11031A5B80008D39F /* cpHashSet.c */; };
		216384121031A5B80008D39F /* cpPolyShape.c in Sources */ = {isa = PBXBuildFile; fileRef = 216383F31031A5B80008D39F /* cpPolyShape.c */; };
		216384131031A5B80008D39F /* cpShape.c in Sources */ = {isa = PBXBuildFile; fileRef = 216383F51031A5B80008D39F /* cpShape.c */; };
		216384141031A5B80008D39F /* cpSpace.c in Sources */ = {isa = PBXBuildFile; fileRef = 216383F71031A5B80008D39F /* cpSpace.c */; };
		216384151031A5B80008D39F /* cpSpaceHash.c in Sources */ = {isa = PBXBuildFile; fileRef = 216383F91031A5B80008D39F /* cpSpaceHash.c */; };
		216384161031A5B80008D39F /* cpVect.c in Sources */ = {isa = PBXBuildFile; fileRef = 216383FB1031A5B80008D39F /* cpVect.c */; };
		216384171031A5B80008D39F /* SConscript in Resources */ = {isa = PBXBuildFile; fileRef = 216383FE1031A5B80008D39F /* SConscript */; };
		2163841A1031A5E10008D39F /* Tank.m in Sources */ = {isa = PBXBuildFile; fileRef = 216384191031A5E10008D39F /* Tank.m */; };
		2163841D1031A6800008D39F /* Texture2D.m in Sources */ = {isa = PBXBuildFile; fileRef = 2163841C1031A6800008D39F /* Texture2D.m */; };
		2163841F1031A6AE0008D39F /* tank.png in Resources */ = {isa = PBXBuildFile; fileRef = 2163841E1031A6AE0008D39F /* tank.png */; };
		216384331031AC770008D39F /* CoreGraphics.framework in Frameworks */ = {isa = PBXBuildFile; fileRef = 216384321031AC770008D39F /* CoreGraphics.framework */; };
		216385C11031C1590008D39F /* Level.m in Sources */ = {isa = PBXBuildFile; fileRef = 216385C01031C1590008D39F /* Level.m */; };
		21638744103213630008D39F /* Bullet.m in Sources */ = {isa = PBXBuildFile; fileRef = 21638743103213630008D39F /* Bullet.m */; };
		21638750103214E30008D39F /* bullet.png in Resources */ = {isa = PBXBuildFile; fileRef = 2163874F103214E30008D39F /* bullet.png */; };
		216387701032186F0008D39F /* PhysicalObject.m in Sources */ = {isa = PBXBuildFile; fileRef = 2163876F1032186F0008D39F /* PhysicalObject.m */; };
		2163882A103220BF0008D39F /* Box.m in Sources */ = {isa = PBXBuildFile; fileRef = 21638829103220BF0008D39F /* Box.m */; };
		21638854103222E20008D39F /* wall.png in Resources */ = {isa = PBXBuildFile; fileRef = 21638853103222E20008D39F /* wall.png */; };
		21638A96103241CF0008D39F /* Default.png in Resources */ = {isa = PBXBuildFile; fileRef = 21638A95103241CF0008D39F /* Default.png */; };
		21638AA5103244150008D39F /* icon.png in Resources */ = {isa = PBXBuildFile; fileRef = 21638AA4103244150008D39F /* icon.png */; };
		21638ABE103247840008D39F /* explosion-1.png in Resources */ = {isa = PBXBuildFile; fileRef = 21638ABB103247840008D39F /* explosion-1.png */; };
		21638ABF103247840008D39F /* explosion-2.png in Resources */ = {isa = PBXBuildFile; fileRef = 21638ABC103247840008D39F /* explosion-2.png */; };
		21638AC0103247840008D39F /* explosion-3.png in Resources */ = {isa = PBXBuildFile; fileRef = 21638ABD103247840008D39F /* explosion-3.png */; };
		21638AC3103247AD0008D39F /* Effect.m in Sources */ = {isa = PBXBuildFile; fileRef = 21638AC2103247AD0008D39F /* Effect.m */; };
		21638AC6103248230008D39F /* ExplosionEffect.m in Sources */ = {isa = PBXBuildFile; fileRef = 21638AC5103248230008D39F /* ExplosionEffect.m */; };
		21638D391032F93D0008D39F /* TankController.m in Sources */ = {isa = PBXBuildFile; fileRef = 21638D381032F93D0008D39F /* TankController.m */; };
		21638DDB103301070008D39F /* AccelerometerTankController.m in Sources */ = {isa = PBXBuildFile; fileRef = 21638DDA103301070008D39F /* AccelerometerTankController.m */; };
		21638DDE1033017B0008D39F /* AITankController.m in Sources */ = {isa = PBXBuildFile; fileRef = 21638DDD1033017B0008D39F /* AITankController.m */; };
		21638E33103303960008D39F /* Game.m in Sources */ = {isa = PBXBuildFile; fileRef = 21638E32103303960008D39F /* Game.m */; };
		21638F7A103311470008D39F /* NSObject+SBJSON.m in Sources */ = {isa = PBXBuildFile; fileRef = 21638F6F103311470008D39F /* NSObject+SBJSON.m */; };
		21638F7B103311470008D39F /* NSString+SBJSON.m in Sources */ = {isa = PBXBuildFile; fileRef = 21638F71103311470008D39F /* NSString+SBJSON.m */; };
		21638F7C103311470008D39F /* SBJSON.m in Sources */ = {isa = PBXBuildFile; fileRef = 21638F73103311470008D39F /* SBJSON.m */; };
		21638F7D103311470008D39F /* SBJsonBase.m in Sources */ = {isa = PBXBuildFile; fileRef = 21638F75103311470008D39F /* SBJsonBase.m */; };
		21638F7E103311470008D39F /* SBJsonParser.m in Sources */ = {isa = PBXBuildFile; fileRef = 21638F77103311470008D39F /* SBJsonParser.m */; };
		21638F7F103311470008D39F /* SBJsonWriter.m in Sources */ = {isa = PBXBuildFile; fileRef = 21638F79103311470008D39F /* SBJsonWriter.m */; };
		2163906710331EE80008D39F /* cutils.m in Sources */ = {isa = PBXBuildFile; fileRef = 2163906610331EE80008D39F /* cutils.m */; };
		28FD15000DC6FC520079059D /* OpenGLES.framework in Frameworks */ = {isa = PBXBuildFile; fileRef = 28FD14FF0DC6FC520079059D /* OpenGLES.framework */; };
		28FD15080DC6FC5B0079059D /* QuartzCore.framework in Frameworks */ = {isa = PBXBuildFile; fileRef = 28FD15070DC6FC5B0079059D /* QuartzCore.framework */; };
		D81E680110323D9000509B49 /* Component.m in Sources */ = {isa = PBXBuildFile; fileRef = D81E67FE10323D9000509B49 /* Component.m */; };
		D81E680210323D9000509B49 /* PositionComponent.m in Sources */ = {isa = PBXBuildFile; fileRef = D81E680010323D9000509B49 /* PositionComponent.m */; };
		D81E681410323DA800509B49 /* Frustum.m in Sources */ = {isa = PBXBuildFile; fileRef = D81E680910323DA800509B49 /* Frustum.m */; };
		D81E681510323DA800509B49 /* Matrix.m in Sources */ = {isa = PBXBuildFile; fileRef = D81E680B10323DA800509B49 /* Matrix.m */; };
		D81E681610323DA800509B49 /* Plane.m in Sources */ = {isa = PBXBuildFile; fileRef = D81E680D10323DA800509B49 /* Plane.m */; };
		D81E681710323DA800509B49 /* Vector2.m in Sources */ = {isa = PBXBuildFile; fileRef = D81E680F10323DA800509B49 /* Vector2.m */; };
		D81E681810323DA800509B49 /* Vector3.m in Sources */ = {isa = PBXBuildFile; fileRef = D81E681110323DA800509B49 /* Vector3.m */; };
		D81E681910323DA800509B49 /* Vector4.m in Sources */ = {isa = PBXBuildFile; fileRef = D81E681310323DA800509B49 /* Vector4.m */; };
		D81E697610330F2F00509B49 /* MeshComponent.m in Sources */ = {isa = PBXBuildFile; fileRef = D81E697010330F2F00509B49 /* MeshComponent.m */; };
		D81E697710330F2F00509B49 /* PhysicsComponent.m in Sources */ = {isa = PBXBuildFile; fileRef = D81E697210330F2F00509B49 /* PhysicsComponent.m */; };
		D81E697B10330F4900509B49 /* Factory.m in Sources */ = {isa = PBXBuildFile; fileRef = D81E697A10330F4900509B49 /* Factory.m */; };
/* End PBXBuildFile section */

/* Begin PBXFileReference section */
		0504ACD8103239D700F0BCBB /* TCFakeAccelerometer.h */ = {isa = PBXFileReference; fileEncoding = 4; lastKnownFileType = sourcecode.c.h; path = TCFakeAccelerometer.h; sourceTree = "<group>"; };
		0504ACD9103239D700F0BCBB /* TCFakeAccelerometer.m */ = {isa = PBXFileReference; fileEncoding = 4; lastKnownFileType = sourcecode.c.objc; path = TCFakeAccelerometer.m; sourceTree = "<group>"; };
		0504AE721033104E00F0BCBB /* STNetwork.h */ = {isa = PBXFileReference; fileEncoding = 4; lastKnownFileType = sourcecode.c.h; path = STNetwork.h; sourceTree = "<group>"; };
		0504AE731033104E00F0BCBB /* STNetwork.m */ = {isa = PBXFileReference; fileEncoding = 4; lastKnownFileType = sourcecode.c.objc; path = STNetwork.m; sourceTree = "<group>"; };
		05AEA7451030949A007822B0 /* main.m */ = {isa = PBXFileReference; fileEncoding = 4; lastKnownFileType = sourcecode.c.objc; path = main.m; sourceTree = "<group>"; };
		05AEA7461030949A007822B0 /* MainWindow.xib */ = {isa = PBXFileReference; lastKnownFileType = file.xib; path = MainWindow.xib; sourceTree = "<group>"; };
		05AEA7471030949A007822B0 /* StervoxyTanks_Prefix.pch */ = {isa = PBXFileReference; fileEncoding = 4; lastKnownFileType = sourcecode.c.h; path = StervoxyTanks_Prefix.pch; sourceTree = "<group>"; };
		05AEA7481030949A007822B0 /* StervoxyTanksAppDelegate.h */ = {isa = PBXFileReference; fileEncoding = 4; lastKnownFileType = sourcecode.c.h; path = StervoxyTanksAppDelegate.h; sourceTree = "<group>"; };
		05AEA7491030949A007822B0 /* StervoxyTanksAppDelegate.m */ = {isa = PBXFileReference; fileEncoding = 4; lastKnownFileType = sourcecode.c.objc; path = StervoxyTanksAppDelegate.m; sourceTree = "<group>"; };
		05AEA74C1030949A007822B0 /* EAGLView.h */ = {isa = PBXFileReference; fileEncoding = 4; lastKnownFileType = sourcecode.c.h; path = EAGLView.h; sourceTree = "<group>"; };
		05AEA74D1030949A007822B0 /* EAGLView.m */ = {isa = PBXFileReference; fileEncoding = 4; lastKnownFileType = sourcecode.c.objc; path = EAGLView.m; sourceTree = "<group>"; };
		05AEA756103094EA007822B0 /* StervoxyTanks-Info.plist */ = {isa = PBXFileReference; fileEncoding = 4; lastKnownFileType = text.plist.xml; path = "StervoxyTanks-Info.plist"; sourceTree = "<group>"; };
		05AEA7691030B312007822B0 /* AsyncSocket.h */ = {isa = PBXFileReference; fileEncoding = 4; lastKnownFileType = sourcecode.c.h; name = AsyncSocket.h; path = Vendor/cocoaasyncsocket/AsyncSocket.h; sourceTree = "<group>"; };
		05AEA76A1030B312007822B0 /* AsyncSocket.m */ = {isa = PBXFileReference; fileEncoding = 4; lastKnownFileType = sourcecode.c.objc; name = AsyncSocket.m; path = Vendor/cocoaasyncsocket/AsyncSocket.m; sourceTree = "<group>"; };
		05AEA76F1030B35C007822B0 /* CFNetwork.framework */ = {isa = PBXFileReference; lastKnownFileType = wrapper.framework; name = CFNetwork.framework; path = System/Library/Frameworks/CFNetwork.framework; sourceTree = SDKROOT; };
		05AEA7781030B5A3007822B0 /* MainMenu.h */ = {isa = PBXFileReference; fileEncoding = 4; lastKnownFileType = sourcecode.c.h; path = MainMenu.h; sourceTree = "<group>"; };
		05AEA7791030B5A3007822B0 /* MainMenu.m */ = {isa = PBXFileReference; fileEncoding = 4; lastKnownFileType = sourcecode.c.objc; path = MainMenu.m; sourceTree = "<group>"; };
		05AEA77B1030B5CA007822B0 /* MainMenu.xib */ = {isa = PBXFileReference; lastKnownFileType = file.xib; path = MainMenu.xib; sourceTree = "<group>"; };
		05AEA7801030B621007822B0 /* ActionTableController.h */ = {isa = PBXFileReference; fileEncoding = 4; lastKnownFileType = sourcecode.c.h; path = ActionTableController.h; sourceTree = "<group>"; };
		05AEA7811030B621007822B0 /* ActionTableController.m */ = {isa = PBXFileReference; fileEncoding = 4; lastKnownFileType = sourcecode.c.objc; path = ActionTableController.m; sourceTree = "<group>"; };
		05AEA7B11030B870007822B0 /* CollectionUtils.h */ = {isa = PBXFileReference; fileEncoding = 4; lastKnownFileType = sourcecode.c.h; path = CollectionUtils.h; sourceTree = "<group>"; };
		05AEA7B21030B870007822B0 /* CollectionUtils.m */ = {isa = PBXFileReference; fileEncoding = 4; lastKnownFileType = sourcecode.c.objc; path = CollectionUtils.m; sourceTree = "<group>"; };
		05AEA7B31030B870007822B0 /* ExceptionUtils.h */ = {isa = PBXFileReference; fileEncoding = 4; lastKnownFileType = sourcecode.c.h; path = ExceptionUtils.h; sourceTree = "<group>"; };
		05AEA7B41030B870007822B0 /* ExceptionUtils.m */ = {isa = PBXFileReference; fileEncoding = 4; lastKnownFileType = sourcecode.c.objc; path = ExceptionUtils.m; sourceTree = "<group>"; };
		05AEA7B51030B870007822B0 /* Logging.h */ = {isa = PBXFileReference; fileEncoding = 4; lastKnownFileType = sourcecode.c.h; path = Logging.h; sourceTree = "<group>"; };
		05AEA7B61030B870007822B0 /* Logging.m */ = {isa = PBXFileReference; fileEncoding = 4; lastKnownFileType = sourcecode.c.objc; path = Logging.m; sourceTree = "<group>"; };
		05AEA7B71030B870007822B0 /* Test.h */ = {isa = PBXFileReference; fileEncoding = 4; lastKnownFileType = sourcecode.c.h; path = Test.h; sourceTree = "<group>"; };
		05AEA7B81030B870007822B0 /* Test.m */ = {isa = PBXFileReference; fileEncoding = 4; lastKnownFileType = sourcecode.c.objc; path = Test.m; sourceTree = "<group>"; };
		05AEA7CE1030B8C9007822B0 /* PLBlocks.framework */ = {isa = PBXFileReference; lastKnownFileType = wrapper.framework; name = PLBlocks.framework; path = "Vendor/plblocks/iPhone Runtime/PLBlocks.framework"; sourceTree = "<group>"; };
		05AEA8181030BB39007822B0 /* GameController.h */ = {isa = PBXFileReference; fileEncoding = 4; lastKnownFileType = sourcecode.c.h; path = GameController.h; sourceTree = "<group>"; };
		05AEA8191030BB39007822B0 /* GameController.m */ = {isa = PBXFileReference; fileEncoding = 4; lastKnownFileType = sourcecode.c.objc; path = GameController.m; sourceTree = "<group>"; };
		05AEA8251030BB6E007822B0 /* GameView.h */ = {isa = PBXFileReference; fileEncoding = 4; lastKnownFileType = sourcecode.c.h; path = GameView.h; sourceTree = "<group>"; };
		05AEA8261030BB6E007822B0 /* GameView.m */ = {isa = PBXFileReference; fileEncoding = 4; lastKnownFileType = sourcecode.c.objc; path = GameView.m; sourceTree = "<group>"; };
		05AEA82C1030BCA3007822B0 /* GameController.xib */ = {isa = PBXFileReference; lastKnownFileType = file.xib; path = GameController.xib; sourceTree = "<group>"; };
		05AEA84E1030BE40007822B0 /* GameKit.framework */ = {isa = PBXFileReference; lastKnownFileType = wrapper.framework; name = GameKit.framework; path = System/Library/Frameworks/GameKit.framework; sourceTree = SDKROOT; };
		1D30AB110D05D00D00671497 /* Foundation.framework */ = {isa = PBXFileReference; lastKnownFileType = wrapper.framework; name = Foundation.framework; path = System/Library/Frameworks/Foundation.framework; sourceTree = SDKROOT; };
		1D6058910D05DD3D006BFB54 /* StervoxyTanks.app */ = {isa = PBXFileReference; explicitFileType = wrapper.application; includeInIndex = 0; path = StervoxyTanks.app; sourceTree = BUILT_PRODUCTS_DIR; };
		1DF5F4DF0D08C38300B7A737 /* UIKit.framework */ = {isa = PBXFileReference; lastKnownFileType = wrapper.framework; name = UIKit.framework; path = System/Library/Frameworks/UIKit.framework; sourceTree = SDKROOT; };
		2163839F1031A5A70008D39F /* CPBody.h */ = {isa = PBXFileReference; fileEncoding = 4; lastKnownFileType = sourcecode.c.h; path = CPBody.h; sourceTree = "<group>"; };
		216383A01031A5A70008D39F /* CPBody.m */ = {isa = PBXFileReference; fileEncoding = 4; lastKnownFileType = sourcecode.c.objc; path = CPBody.m; sourceTree = "<group>"; };
		216383A11031A5A70008D39F /* CPChipmunk.h */ = {isa = PBXFileReference; fileEncoding = 4; lastKnownFileType = sourcecode.c.h; path = CPChipmunk.h; sourceTree = "<group>"; };
		216383A21031A5A70008D39F /* CPChipmunk.m */ = {isa = PBXFileReference; fileEncoding = 4; lastKnownFileType = sourcecode.c.objc; path = CPChipmunk.m; sourceTree = "<group>"; };
		216383A31031A5A70008D39F /* CPConstraint.h */ = {isa = PBXFileReference; fileEncoding = 4; lastKnownFileType = sourcecode.c.h; path = CPConstraint.h; sourceTree = "<group>"; };
		216383A41031A5A70008D39F /* CPConstraint.m */ = {isa = PBXFileReference; fileEncoding = 4; lastKnownFileType = sourcecode.c.objc; path = CPConstraint.m; sourceTree = "<group>"; };
		216383A51031A5A70008D39F /* CPShape.h */ = {isa = PBXFileReference; fileEncoding = 4; lastKnownFileType = sourcecode.c.h; path = CPShape.h; sourceTree = "<group>"; };
		216383A61031A5A70008D39F /* CPShape.m */ = {isa = PBXFileReference; fileEncoding = 4; lastKnownFileType = sourcecode.c.objc; path = CPShape.m; sourceTree = "<group>"; };
		216383A71031A5A70008D39F /* CPSimpleMotor.h */ = {isa = PBXFileReference; fileEncoding = 4; lastKnownFileType = sourcecode.c.h; path = CPSimpleMotor.h; sourceTree = "<group>"; };
		216383A81031A5A70008D39F /* CPSimpleMotor.m */ = {isa = PBXFileReference; fileEncoding = 4; lastKnownFileType = sourcecode.c.objc; path = CPSimpleMotor.m; sourceTree = "<group>"; };
		216383A91031A5A70008D39F /* CPSpace.h */ = {isa = PBXFileReference; fileEncoding = 4; lastKnownFileType = sourcecode.c.h; path = CPSpace.h; sourceTree = "<group>"; };
		216383AA1031A5A70008D39F /* CPSpace.m */ = {isa = PBXFileReference; fileEncoding = 4; lastKnownFileType = sourcecode.c.objc; path = CPSpace.m; sourceTree = "<group>"; };
		216383AB1031A5A70008D39F /* README */ = {isa = PBXFileReference; fileEncoding = 4; lastKnownFileType = text; path = README; sourceTree = "<group>"; };
		216383CB1031A5B80008D39F /* chipmunk.c */ = {isa = PBXFileReference; fileEncoding = 4; lastKnownFileType = sourcecode.c.c; path = chipmunk.c; sourceTree = "<group>"; };
		216383CC1031A5B80008D39F /* chipmunk.h */ = {isa = PBXFileReference; fileEncoding = 4; lastKnownFileType = sourcecode.c.h; path = chipmunk.h; sourceTree = "<group>"; };
		216383CD1031A5B80008D39F /* chipmunk_unsafe.h */ = {isa = PBXFileReference; fileEncoding = 4; lastKnownFileType = sourcecode.c.h; path = chipmunk_unsafe.h; sourceTree = "<group>"; };
		216383CE1031A5B80008D39F /* CMakeLists.txt */ = {isa = PBXFileReference; fileEncoding = 4; lastKnownFileType = text; path = CMakeLists.txt; sourceTree = "<group>"; };
		216383D01031A5B80008D39F /* cpBreakableJoint.c */ = {isa = PBXFileReference; fileEncoding = 4; lastKnownFileType = sourcecode.c.c; path = cpBreakableJoint.c; sourceTree = "<group>"; };
		216383D11031A5B80008D39F /* cpBreakableJoint.h */ = {isa = PBXFileReference; fileEncoding = 4; lastKnownFileType = sourcecode.c.h; path = cpBreakableJoint.h; sourceTree = "<group>"; };
		216383D21031A5B80008D39F /* cpConstraint.c */ = {isa = PBXFileReference; fileEncoding = 4; lastKnownFileType = sourcecode.c.c; path = cpConstraint.c; sourceTree = "<group>"; };
		216383D31031A5B80008D39F /* cpConstraint.h */ = {isa = PBXFileReference; fileEncoding = 4; lastKnownFileType = sourcecode.c.h; path = cpConstraint.h; sourceTree = "<group>"; };
		216383D41031A5B80008D39F /* cpDampedRotarySpring.c */ = {isa = PBXFileReference; fileEncoding = 4; lastKnownFileType = sourcecode.c.c; path = cpDampedRotarySpring.c; sourceTree = "<group>"; };
		216383D51031A5B80008D39F /* cpDampedRotarySpring.h */ = {isa = PBXFileReference; fileEncoding = 4; lastKnownFileType = sourcecode.c.h; path = cpDampedRotarySpring.h; sourceTree = "<group>"; };
		216383D61031A5B80008D39F /* cpDampedSpring.c */ = {isa = PBXFileReference; fileEncoding = 4; lastKnownFileType = sourcecode.c.c; path = cpDampedSpring.c; sourceTree = "<group>"; };
		216383D71031A5B80008D39F /* cpDampedSpring.h */ = {isa = PBXFileReference; fileEncoding = 4; lastKnownFileType = sourcecode.c.h; path = cpDampedSpring.h; sourceTree = "<group>"; };
		216383D81031A5B80008D39F /* cpGearJoint.c */ = {isa = PBXFileReference; fileEncoding = 4; lastKnownFileType = sourcecode.c.c; path = cpGearJoint.c; sourceTree = "<group>"; };
		216383D91031A5B80008D39F /* cpGearJoint.h */ = {isa = PBXFileReference; fileEncoding = 4; lastKnownFileType = sourcecode.c.h; path = cpGearJoint.h; sourceTree = "<group>"; };
		216383DA1031A5B80008D39F /* cpGrooveJoint.c */ = {isa = PBXFileReference; fileEncoding = 4; lastKnownFileType = sourcecode.c.c; path = cpGrooveJoint.c; sourceTree = "<group>"; };
		216383DB1031A5B80008D39F /* cpGrooveJoint.h */ = {isa = PBXFileReference; fileEncoding = 4; lastKnownFileType = sourcecode.c.h; path = cpGrooveJoint.h; sourceTree = "<group>"; };
		216383DC1031A5B80008D39F /* cpPinJoint.c */ = {isa = PBXFileReference; fileEncoding = 4; lastKnownFileType = sourcecode.c.c; path = cpPinJoint.c; sourceTree = "<group>"; };
		216383DD1031A5B80008D39F /* cpPinJoint.h */ = {isa = PBXFileReference; fileEncoding = 4; lastKnownFileType = sourcecode.c.h; path = cpPinJoint.h; sourceTree = "<group>"; };
		216383DE1031A5B80008D39F /* cpPivotJoint.c */ = {isa = PBXFileReference; fileEncoding = 4; lastKnownFileType = sourcecode.c.c; path = cpPivotJoint.c; sourceTree = "<group>"; };
		216383DF1031A5B80008D39F /* cpPivotJoint.h */ = {isa = PBXFileReference; fileEncoding = 4; lastKnownFileType = sourcecode.c.h; path = cpPivotJoint.h; sourceTree = "<group>"; };
		216383E01031A5B80008D39F /* cpRotaryLimitJoint.c */ = {isa = PBXFileReference; fileEncoding = 4; lastKnownFileType = sourcecode.c.c; path = cpRotaryLimitJoint.c; sourceTree = "<group>"; };
		216383E11031A5B80008D39F /* cpRotaryLimitJoint.h */ = {isa = PBXFileReference; fileEncoding = 4; lastKnownFileType = sourcecode.c.h; path = cpRotaryLimitJoint.h; sourceTree = "<group>"; };
		216383E21031A5B80008D39F /* cpSimpleMotor.c */ = {isa = PBXFileReference; fileEncoding = 4; lastKnownFileType = sourcecode.c.c; path = cpSimpleMotor.c; sourceTree = "<group>"; };
		216383E31031A5B80008D39F /* cpSimpleMotor.h */ = {isa = PBXFileReference; fileEncoding = 4; lastKnownFileType = sourcecode.c.h; path = cpSimpleMotor.h; sourceTree = "<group>"; };
		216383E41031A5B80008D39F /* cpSlideJoint.c */ = {isa = PBXFileReference; fileEncoding = 4; lastKnownFileType = sourcecode.c.c; path = cpSlideJoint.c; sourceTree = "<group>"; };
		216383E51031A5B80008D39F /* cpSlideJoint.h */ = {isa = PBXFileReference; fileEncoding = 4; lastKnownFileType = sourcecode.c.h; path = cpSlideJoint.h; sourceTree = "<group>"; };
		216383E61031A5B80008D39F /* util.h */ = {isa = PBXFileReference; fileEncoding = 4; lastKnownFileType = sourcecode.c.h; path = util.h; sourceTree = "<group>"; };
		216383E71031A5B80008D39F /* cpArbiter.c */ = {isa = PBXFileReference; fileEncoding = 4; lastKnownFileType = sourcecode.c.c; path = cpArbiter.c; sourceTree = "<group>"; };
		216383E81031A5B80008D39F /* cpArbiter.h */ = {isa = PBXFileReference; fileEncoding = 4; lastKnownFileType = sourcecode.c.h; path = cpArbiter.h; sourceTree = "<group>"; };
		216383E91031A5B80008D39F /* cpArray.c */ = {isa = PBXFileReference; fileEncoding = 4; lastKnownFileType = sourcecode.c.c; path = cpArray.c; sourceTree = "<group>"; };
		216383EA1031A5B80008D39F /* cpArray.h */ = {isa = PBXFileReference; fileEncoding = 4; lastKnownFileType = sourcecode.c.h; path = cpArray.h; sourceTree = "<group>"; };
		216383EB1031A5B80008D39F /* cpBB.c */ = {isa = PBXFileReference; fileEncoding = 4; lastKnownFileType = sourcecode.c.c; path = cpBB.c; sourceTree = "<group>"; };
		216383EC1031A5B80008D39F /* cpBB.h */ = {isa = PBXFileReference; fileEncoding = 4; lastKnownFileType = sourcecode.c.h; path = cpBB.h; sourceTree = "<group>"; };
		216383ED1031A5B80008D39F /* cpBody.c */ = {isa = PBXFileReference; fileEncoding = 4; lastKnownFileType = sourcecode.c.c; path = cpBody.c; sourceTree = "<group>"; };
		216383EE1031A5B80008D39F /* cpBody.h */ = {isa = PBXFileReference; fileEncoding = 4; lastKnownFileType = sourcecode.c.h; path = cpBody.h; sourceTree = "<group>"; };
		216383EF1031A5B80008D39F /* cpCollision.c */ = {isa = PBXFileReference; fileEncoding = 4; lastKnownFileType = sourcecode.c.c; path = cpCollision.c; sourceTree = "<group>"; };
		216383F01031A5B80008D39F /* cpCollision.h */ = {isa = PBXFileReference; fileEncoding = 4; lastKnownFileType = sourcecode.c.h; path = cpCollision.h; sourceTree = "<group>"; };
		216383F11031A5B80008D39F /* cpHashSet.c */ = {isa = PBXFileReference; fileEncoding = 4; lastKnownFileType = sourcecode.c.c; path = cpHashSet.c; sourceTree = "<group>"; };
		216383F21031A5B80008D39F /* cpHashSet.h */ = {isa = PBXFileReference; fileEncoding = 4; lastKnownFileType = sourcecode.c.h; path = cpHashSet.h; sourceTree = "<group>"; };
		216383F31031A5B80008D39F /* cpPolyShape.c */ = {isa = PBXFileReference; fileEncoding = 4; lastKnownFileType = sourcecode.c.c; path = cpPolyShape.c; sourceTree = "<group>"; };
		216383F41031A5B80008D39F /* cpPolyShape.h */ = {isa = PBXFileReference; fileEncoding = 4; lastKnownFileType = sourcecode.c.h; path = cpPolyShape.h; sourceTree = "<group>"; };
		216383F51031A5B80008D39F /* cpShape.c */ = {isa = PBXFileReference; fileEncoding = 4; lastKnownFileType = sourcecode.c.c; path = cpShape.c; sourceTree = "<group>"; };
		216383F61031A5B80008D39F /* cpShape.h */ = {isa = PBXFileReference; fileEncoding = 4; lastKnownFileType = sourcecode.c.h; path = cpShape.h; sourceTree = "<group>"; };
		216383F71031A5B80008D39F /* cpSpace.c */ = {isa = PBXFileReference; fileEncoding = 4; lastKnownFileType = sourcecode.c.c; path = cpSpace.c; sourceTree = "<group>"; };
		216383F81031A5B80008D39F /* cpSpace.h */ = {isa = PBXFileReference; fileEncoding = 4; lastKnownFileType = sourcecode.c.h; path = cpSpace.h; sourceTree = "<group>"; };
		216383F91031A5B80008D39F /* cpSpaceHash.c */ = {isa = PBXFileReference; fileEncoding = 4; lastKnownFileType = sourcecode.c.c; path = cpSpaceHash.c; sourceTree = "<group>"; };
		216383FA1031A5B80008D39F /* cpSpaceHash.h */ = {isa = PBXFileReference; fileEncoding = 4; lastKnownFileType = sourcecode.c.h; path = cpSpaceHash.h; sourceTree = "<group>"; };
		216383FB1031A5B80008D39F /* cpVect.c */ = {isa = PBXFileReference; fileEncoding = 4; lastKnownFileType = sourcecode.c.c; path = cpVect.c; sourceTree = "<group>"; };
		216383FC1031A5B80008D39F /* cpVect.h */ = {isa = PBXFileReference; fileEncoding = 4; lastKnownFileType = sourcecode.c.h; path = cpVect.h; sourceTree = "<group>"; };
		216383FD1031A5B80008D39F /* prime.h */ = {isa = PBXFileReference; fileEncoding = 4; lastKnownFileType = sourcecode.c.h; path = prime.h; sourceTree = "<group>"; };
		216383FE1031A5B80008D39F /* SConscript */ = {isa = PBXFileReference; fileEncoding = 4; lastKnownFileType = text; path = SConscript; sourceTree = "<group>"; };
		216384181031A5E10008D39F /* Tank.h */ = {isa = PBXFileReference; fileEncoding = 4; lastKnownFileType = sourcecode.c.h; path = Tank.h; sourceTree = "<group>"; };
		216384191031A5E10008D39F /* Tank.m */ = {isa = PBXFileReference; fileEncoding = 4; lastKnownFileType = sourcecode.c.objc; path = Tank.m; sourceTree = "<group>"; };
		2163841B1031A6800008D39F /* Texture2D.h */ = {isa = PBXFileReference; fileEncoding = 4; lastKnownFileType = sourcecode.c.h; path = Texture2D.h; sourceTree = "<group>"; };
		2163841C1031A6800008D39F /* Texture2D.m */ = {isa = PBXFileReference; fileEncoding = 4; lastKnownFileType = sourcecode.c.objc; path = Texture2D.m; sourceTree = "<group>"; };
		2163841E1031A6AE0008D39F /* tank.png */ = {isa = PBXFileReference; lastKnownFileType = image.png; path = tank.png; sourceTree = "<group>"; };
		216384321031AC770008D39F /* CoreGraphics.framework */ = {isa = PBXFileReference; lastKnownFileType = wrapper.framework; name = CoreGraphics.framework; path = System/Library/Frameworks/CoreGraphics.framework; sourceTree = SDKROOT; };
		216385BF1031C1590008D39F /* Level.h */ = {isa = PBXFileReference; fileEncoding = 4; lastKnownFileType = sourcecode.c.h; path = Level.h; sourceTree = "<group>"; };
		216385C01031C1590008D39F /* Level.m */ = {isa = PBXFileReference; fileEncoding = 4; lastKnownFileType = sourcecode.c.objc; path = Level.m; sourceTree = "<group>"; };
		21638742103213630008D39F /* Bullet.h */ = {isa = PBXFileReference; fileEncoding = 4; lastKnownFileType = sourcecode.c.h; path = Bullet.h; sourceTree = "<group>"; };
		21638743103213630008D39F /* Bullet.m */ = {isa = PBXFileReference; fileEncoding = 4; lastKnownFileType = sourcecode.c.objc; path = Bullet.m; sourceTree = "<group>"; };
		2163874F103214E30008D39F /* bullet.png */ = {isa = PBXFileReference; lastKnownFileType = image.png; path = bullet.png; sourceTree = "<group>"; };
		2163876E1032186F0008D39F /* PhysicalObject.h */ = {isa = PBXFileReference; fileEncoding = 4; lastKnownFileType = sourcecode.c.h; path = PhysicalObject.h; sourceTree = "<group>"; };
		2163876F1032186F0008D39F /* PhysicalObject.m */ = {isa = PBXFileReference; fileEncoding = 4; lastKnownFileType = sourcecode.c.objc; path = PhysicalObject.m; sourceTree = "<group>"; };
		21638828103220BF0008D39F /* Box.h */ = {isa = PBXFileReference; fileEncoding = 4; lastKnownFileType = sourcecode.c.h; path = Box.h; sourceTree = "<group>"; };
		21638829103220BF0008D39F /* Box.m */ = {isa = PBXFileReference; fileEncoding = 4; lastKnownFileType = sourcecode.c.objc; path = Box.m; sourceTree = "<group>"; };
		21638853103222E20008D39F /* wall.png */ = {isa = PBXFileReference; lastKnownFileType = image.png; path = wall.png; sourceTree = "<group>"; };
		21638A95103241CF0008D39F /* Default.png */ = {isa = PBXFileReference; lastKnownFileType = image.png; path = Default.png; sourceTree = "<group>"; };
		21638AA4103244150008D39F /* icon.png */ = {isa = PBXFileReference; lastKnownFileType = image.png; path = icon.png; sourceTree = "<group>"; };
		21638ABB103247840008D39F /* explosion-1.png */ = {isa = PBXFileReference; lastKnownFileType = image.png; path = "explosion-1.png"; sourceTree = "<group>"; };
		21638ABC103247840008D39F /* explosion-2.png */ = {isa = PBXFileReference; lastKnownFileType = image.png; path = "explosion-2.png"; sourceTree = "<group>"; };
		21638ABD103247840008D39F /* explosion-3.png */ = {isa = PBXFileReference; lastKnownFileType = image.png; path = "explosion-3.png"; sourceTree = "<group>"; };
		21638AC1103247AD0008D39F /* Effect.h */ = {isa = PBXFileReference; fileEncoding = 4; lastKnownFileType = sourcecode.c.h; path = Effect.h; sourceTree = "<group>"; };
		21638AC2103247AD0008D39F /* Effect.m */ = {isa = PBXFileReference; fileEncoding = 4; lastKnownFileType = sourcecode.c.objc; path = Effect.m; sourceTree = "<group>"; };
		21638AC4103248230008D39F /* ExplosionEffect.h */ = {isa = PBXFileReference; fileEncoding = 4; lastKnownFileType = sourcecode.c.h; path = ExplosionEffect.h; sourceTree = "<group>"; };
		21638AC5103248230008D39F /* ExplosionEffect.m */ = {isa = PBXFileReference; fileEncoding = 4; lastKnownFileType = sourcecode.c.objc; path = ExplosionEffect.m; sourceTree = "<group>"; };
		21638D371032F93D0008D39F /* TankController.h */ = {isa = PBXFileReference; fileEncoding = 4; lastKnownFileType = sourcecode.c.h; path = TankController.h; sourceTree = "<group>"; };
		21638D381032F93D0008D39F /* TankController.m */ = {isa = PBXFileReference; fileEncoding = 4; lastKnownFileType = sourcecode.c.objc; path = TankController.m; sourceTree = "<group>"; };
		21638DDA103301070008D39F /* AccelerometerTankController.m */ = {isa = PBXFileReference; fileEncoding = 4; lastKnownFileType = sourcecode.c.objc; path = AccelerometerTankController.m; sourceTree = "<group>"; };
		21638DDC1033017B0008D39F /* AITankController.h */ = {isa = PBXFileReference; fileEncoding = 4; lastKnownFileType = sourcecode.c.h; path = AITankController.h; sourceTree = "<group>"; };
		21638DDD1033017B0008D39F /* AITankController.m */ = {isa = PBXFileReference; fileEncoding = 4; lastKnownFileType = sourcecode.c.objc; path = AITankController.m; sourceTree = "<group>"; };
		21638E31103303960008D39F /* Game.h */ = {isa = PBXFileReference; fileEncoding = 4; lastKnownFileType = sourcecode.c.h; path = Game.h; sourceTree = "<group>"; };
		21638E32103303960008D39F /* Game.m */ = {isa = PBXFileReference; fileEncoding = 4; lastKnownFileType = sourcecode.c.objc; path = Game.m; sourceTree = "<group>"; };
		21638F6D103311470008D39F /* JSON.h */ = {isa = PBXFileReference; fileEncoding = 4; lastKnownFileType = sourcecode.c.h; path = JSON.h; sourceTree = "<group>"; };
		21638F6E103311470008D39F /* NSObject+SBJSON.h */ = {isa = PBXFileReference; fileEncoding = 4; lastKnownFileType = sourcecode.c.h; path = "NSObject+SBJSON.h"; sourceTree = "<group>"; };
		21638F6F103311470008D39F /* NSObject+SBJSON.m */ = {isa = PBXFileReference; fileEncoding = 4; lastKnownFileType = sourcecode.c.objc; path = "NSObject+SBJSON.m"; sourceTree = "<group>"; };
		21638F70103311470008D39F /* NSString+SBJSON.h */ = {isa = PBXFileReference; fileEncoding = 4; lastKnownFileType = sourcecode.c.h; path = "NSString+SBJSON.h"; sourceTree = "<group>"; };
		21638F71103311470008D39F /* NSString+SBJSON.m */ = {isa = PBXFileReference; fileEncoding = 4; lastKnownFileType = sourcecode.c.objc; path = "NSString+SBJSON.m"; sourceTree = "<group>"; };
		21638F72103311470008D39F /* SBJSON.h */ = {isa = PBXFileReference; fileEncoding = 4; lastKnownFileType = sourcecode.c.h; path = SBJSON.h; sourceTree = "<group>"; };
		21638F73103311470008D39F /* SBJSON.m */ = {isa = PBXFileReference; fileEncoding = 4; lastKnownFileType = sourcecode.c.objc; path = SBJSON.m; sourceTree = "<group>"; };
		21638F74103311470008D39F /* SBJsonBase.h */ = {isa = PBXFileReference; fileEncoding = 4; lastKnownFileType = sourcecode.c.h; path = SBJsonBase.h; sourceTree = "<group>"; };
		21638F75103311470008D39F /* SBJsonBase.m */ = {isa = PBXFileReference; fileEncoding = 4; lastKnownFileType = sourcecode.c.objc; path = SBJsonBase.m; sourceTree = "<group>"; };
		21638F76103311470008D39F /* SBJsonParser.h */ = {isa = PBXFileReference; fileEncoding = 4; lastKnownFileType = sourcecode.c.h; path = SBJsonParser.h; sourceTree = "<group>"; };
		21638F77103311470008D39F /* SBJsonParser.m */ = {isa = PBXFileReference; fileEncoding = 4; lastKnownFileType = sourcecode.c.objc; path = SBJsonParser.m; sourceTree = "<group>"; };
		21638F78103311470008D39F /* SBJsonWriter.h */ = {isa = PBXFileReference; fileEncoding = 4; lastKnownFileType = sourcecode.c.h; path = SBJsonWriter.h; sourceTree = "<group>"; };
		21638F79103311470008D39F /* SBJsonWriter.m */ = {isa = PBXFileReference; fileEncoding = 4; lastKnownFileType = sourcecode.c.objc; path = SBJsonWriter.m; sourceTree = "<group>"; };
		2163906510331EE80008D39F /* cutils.h */ = {isa = PBXFileReference; fileEncoding = 4; lastKnownFileType = sourcecode.c.h; path = cutils.h; sourceTree = "<group>"; };
		2163906610331EE80008D39F /* cutils.m */ = {isa = PBXFileReference; fileEncoding = 4; lastKnownFileType = sourcecode.c.objc; path = cutils.m; sourceTree = "<group>"; };
		28FD14FF0DC6FC520079059D /* OpenGLES.framework */ = {isa = PBXFileReference; lastKnownFileType = wrapper.framework; name = OpenGLES.framework; path = System/Library/Frameworks/OpenGLES.framework; sourceTree = SDKROOT; };
		28FD15070DC6FC5B0079059D /* QuartzCore.framework */ = {isa = PBXFileReference; lastKnownFileType = wrapper.framework; name = QuartzCore.framework; path = System/Library/Frameworks/QuartzCore.framework; sourceTree = SDKROOT; };
		D81E67FD10323D9000509B49 /* Component.h */ = {isa = PBXFileReference; fileEncoding = 4; lastKnownFileType = sourcecode.c.h; path = Component.h; sourceTree = "<group>"; };
		D81E67FE10323D9000509B49 /* Component.m */ = {isa = PBXFileReference; fileEncoding = 4; lastKnownFileType = sourcecode.c.objc; path = Component.m; sourceTree = "<group>"; };
		D81E67FF10323D9000509B49 /* PositionComponent.h */ = {isa = PBXFileReference; fileEncoding = 4; lastKnownFileType = sourcecode.c.h; path = PositionComponent.h; sourceTree = "<group>"; };
		D81E680010323D9000509B49 /* PositionComponent.m */ = {isa = PBXFileReference; fileEncoding = 4; lastKnownFileType = sourcecode.c.objc; path = PositionComponent.m; sourceTree = "<group>"; };
		D81E680810323DA800509B49 /* Frustum.h */ = {isa = PBXFileReference; fileEncoding = 4; lastKnownFileType = sourcecode.c.h; path = Frustum.h; sourceTree = "<group>"; };
		D81E680910323DA800509B49 /* Frustum.m */ = {isa = PBXFileReference; fileEncoding = 4; lastKnownFileType = sourcecode.c.objc; path = Frustum.m; sourceTree = "<group>"; };
		D81E680A10323DA800509B49 /* Matrix.h */ = {isa = PBXFileReference; fileEncoding = 4; lastKnownFileType = sourcecode.c.h; path = Matrix.h; sourceTree = "<group>"; };
		D81E680B10323DA800509B49 /* Matrix.m */ = {isa = PBXFileReference; fileEncoding = 4; lastKnownFileType = sourcecode.c.objc; path = Matrix.m; sourceTree = "<group>"; };
		D81E680C10323DA800509B49 /* Plane.h */ = {isa = PBXFileReference; fileEncoding = 4; lastKnownFileType = sourcecode.c.h; path = Plane.h; sourceTree = "<group>"; };
		D81E680D10323DA800509B49 /* Plane.m */ = {isa = PBXFileReference; fileEncoding = 4; lastKnownFileType = sourcecode.c.objc; path = Plane.m; sourceTree = "<group>"; };
		D81E680E10323DA800509B49 /* Vector2.h */ = {isa = PBXFileReference; fileEncoding = 4; lastKnownFileType = sourcecode.c.h; path = Vector2.h; sourceTree = "<group>"; };
		D81E680F10323DA800509B49 /* Vector2.m */ = {isa = PBXFileReference; fileEncoding = 4; lastKnownFileType = sourcecode.c.objc; path = Vector2.m; sourceTree = "<group>"; };
		D81E681010323DA800509B49 /* Vector3.h */ = {isa = PBXFileReference; fileEncoding = 4; lastKnownFileType = sourcecode.c.h; path = Vector3.h; sourceTree = "<group>"; };
		D81E681110323DA800509B49 /* Vector3.m */ = {isa = PBXFileReference; fileEncoding = 4; lastKnownFileType = sourcecode.c.objc; path = Vector3.m; sourceTree = "<group>"; };
		D81E681210323DA800509B49 /* Vector4.h */ = {isa = PBXFileReference; fileEncoding = 4; lastKnownFileType = sourcecode.c.h; path = Vector4.h; sourceTree = "<group>"; };
		D81E681310323DA800509B49 /* Vector4.m */ = {isa = PBXFileReference; fileEncoding = 4; lastKnownFileType = sourcecode.c.objc; path = Vector4.m; sourceTree = "<group>"; };
		D81E696F10330F2F00509B49 /* MeshComponent.h */ = {isa = PBXFileReference; fileEncoding = 4; lastKnownFileType = sourcecode.c.h; path = MeshComponent.h; sourceTree = "<group>"; };
		D81E697010330F2F00509B49 /* MeshComponent.m */ = {isa = PBXFileReference; fileEncoding = 4; lastKnownFileType = sourcecode.c.objc; path = MeshComponent.m; sourceTree = "<group>"; };
		D81E697110330F2F00509B49 /* PhysicsComponent.h */ = {isa = PBXFileReference; fileEncoding = 4; lastKnownFileType = sourcecode.c.h; path = PhysicsComponent.h; sourceTree = "<group>"; };
		D81E697210330F2F00509B49 /* PhysicsComponent.m */ = {isa = PBXFileReference; fileEncoding = 4; lastKnownFileType = sourcecode.c.objc; path = PhysicsComponent.m; sourceTree = "<group>"; };
		D81E697910330F4900509B49 /* Factory.h */ = {isa = PBXFileReference; fileEncoding = 4; lastKnownFileType = sourcecode.c.h; path = Factory.h; sourceTree = "<group>"; };
		D81E697A10330F4900509B49 /* Factory.m */ = {isa = PBXFileReference; fileEncoding = 4; lastKnownFileType = sourcecode.c.objc; path = Factory.m; sourceTree = "<group>"; };
/* End PBXFileReference section */

/* Begin PBXFrameworksBuildPhase section */
		1D60588F0D05DD3D006BFB54 /* Frameworks */ = {
			isa = PBXFrameworksBuildPhase;
			buildActionMask = 2147483647;
			files = (
				1D60589F0D05DD5A006BFB54 /* Foundation.framework in Frameworks */,
				1DF5F4E00D08C38300B7A737 /* UIKit.framework in Frameworks */,
				28FD15000DC6FC520079059D /* OpenGLES.framework in Frameworks */,
				28FD15080DC6FC5B0079059D /* QuartzCore.framework in Frameworks */,
				05AEA7701030B35C007822B0 /* CFNetwork.framework in Frameworks */,
				05AEA7CF1030B8C9007822B0 /* PLBlocks.framework in Frameworks */,
				05AEA84F1030BE40007822B0 /* GameKit.framework in Frameworks */,
				216384331031AC770008D39F /* CoreGraphics.framework in Frameworks */,
			);
			runOnlyForDeploymentPostprocessing = 0;
		};
/* End PBXFrameworksBuildPhase section */

/* Begin PBXGroup section */
		05AEA7431030949A007822B0 /* Source */ = {
			isa = PBXGroup;
			children = (
				D81E680710323DA800509B49 /* Math */,
				216383CA1031A5B80008D39F /* chipmunk */,
				216383761031A5A70008D39F /* CPChipmunk */,
				05AEA7441030949A007822B0 /* App */,
				05AEA74A1030949A007822B0 /* Model */,
				05AEA7831030B63C007822B0 /* Network */,
				05AEA77F1030B621007822B0 /* TouchUtil */,
				05AEA74B1030949A007822B0 /* View */,
			);
			path = Source;
			sourceTree = "<group>";
		};
		05AEA7441030949A007822B0 /* App */ = {
			isa = PBXGroup;
			children = (
				05AEA7451030949A007822B0 /* main.m */,
				05AEA7461030949A007822B0 /* MainWindow.xib */,
				05AEA7471030949A007822B0 /* StervoxyTanks_Prefix.pch */,
				05AEA7481030949A007822B0 /* StervoxyTanksAppDelegate.h */,
				05AEA7491030949A007822B0 /* StervoxyTanksAppDelegate.m */,
				05AEA7781030B5A3007822B0 /* MainMenu.h */,
				05AEA7791030B5A3007822B0 /* MainMenu.m */,
				05AEA77B1030B5CA007822B0 /* MainMenu.xib */,
			);
			path = App;
			sourceTree = "<group>";
		};
		05AEA74A1030949A007822B0 /* Model */ = {
			isa = PBXGroup;
			children = (
				D81E67FC10323D9000509B49 /* Components */,
				216384181031A5E10008D39F /* Tank.h */,
				216384191031A5E10008D39F /* Tank.m */,
				216385BF1031C1590008D39F /* Level.h */,
				216385C01031C1590008D39F /* Level.m */,
				21638742103213630008D39F /* Bullet.h */,
				21638743103213630008D39F /* Bullet.m */,
				21638828103220BF0008D39F /* Box.h */,
				21638829103220BF0008D39F /* Box.m */,
				2163876E1032186F0008D39F /* PhysicalObject.h */,
				2163876F1032186F0008D39F /* PhysicalObject.m */,
				21638AC1103247AD0008D39F /* Effect.h */,
				21638AC2103247AD0008D39F /* Effect.m */,
				21638AC4103248230008D39F /* ExplosionEffect.h */,
				21638AC5103248230008D39F /* ExplosionEffect.m */,
				D81E697910330F4900509B49 /* Factory.h */,
				D81E697A10330F4900509B49 /* Factory.m */,
				21638D371032F93D0008D39F /* TankController.h */,
				21638D381032F93D0008D39F /* TankController.m */,
				21638DDA103301070008D39F /* AccelerometerTankController.m */,
				21638DDC1033017B0008D39F /* AITankController.h */,
				21638DDD1033017B0008D39F /* AITankController.m */,
				21638E31103303960008D39F /* Game.h */,
				21638E32103303960008D39F /* Game.m */,
			);
			path = Model;
			sourceTree = "<group>";
		};
		05AEA74B1030949A007822B0 /* View */ = {
			isa = PBXGroup;
			children = (
				05AEA74C1030949A007822B0 /* EAGLView.h */,
				05AEA74D1030949A007822B0 /* EAGLView.m */,
				05AEA8181030BB39007822B0 /* GameController.h */,
				05AEA8191030BB39007822B0 /* GameController.m */,
				05AEA82C1030BCA3007822B0 /* GameController.xib */,
				05AEA8251030BB6E007822B0 /* GameView.h */,
				05AEA8261030BB6E007822B0 /* GameView.m */,
				2163841B1031A6800008D39F /* Texture2D.h */,
				2163841C1031A6800008D39F /* Texture2D.m */,
			);
			path = View;
			sourceTree = "<group>";
		};
		05AEA755103094EA007822B0 /* Resources */ = {
			isa = PBXGroup;
			children = (
				21638ABB103247840008D39F /* explosion-1.png */,
				21638ABC103247840008D39F /* explosion-2.png */,
				21638ABD103247840008D39F /* explosion-3.png */,
				21638853103222E20008D39F /* wall.png */,
				2163874F103214E30008D39F /* bullet.png */,
				21638A95103241CF0008D39F /* Default.png */,
				2163841E1031A6AE0008D39F /* tank.png */,
				05AEA756103094EA007822B0 /* StervoxyTanks-Info.plist */,
				21638AA4103244150008D39F /* icon.png */,
			);
			path = Resources;
			sourceTree = "<group>";
		};
		05AEA7601030B308007822B0 /* AsyncSocket */ = {
			isa = PBXGroup;
			children = (
				05AEA7691030B312007822B0 /* AsyncSocket.h */,
				05AEA76A1030B312007822B0 /* AsyncSocket.m */,
			);
			name = AsyncSocket;
			sourceTree = "<group>";
		};
		05AEA77F1030B621007822B0 /* TouchUtil */ = {
			isa = PBXGroup;
			children = (
				05AEA7811030B621007822B0 /* ActionTableController.m */,
				05AEA7801030B621007822B0 /* ActionTableController.h */,
				0504ACD8103239D700F0BCBB /* TCFakeAccelerometer.h */,
				0504ACD9103239D700F0BCBB /* TCFakeAccelerometer.m */,
				2163906510331EE80008D39F /* cutils.h */,
				2163906610331EE80008D39F /* cutils.m */,
			);
			path = TouchUtil;
			sourceTree = "<group>";
		};
		05AEA7831030B63C007822B0 /* Network */ = {
			isa = PBXGroup;
			children = (
				0504AE721033104E00F0BCBB /* STNetwork.h */,
				0504AE731033104E00F0BCBB /* STNetwork.m */,
			);
			path = Network;
			sourceTree = "<group>";
		};
		05AEA7B01030B870007822B0 /* JAUtil */ = {
			isa = PBXGroup;
			children = (
				05AEA7B11030B870007822B0 /* CollectionUtils.h */,
				05AEA7B21030B870007822B0 /* CollectionUtils.m */,
				05AEA7B31030B870007822B0 /* ExceptionUtils.h */,
				05AEA7B41030B870007822B0 /* ExceptionUtils.m */,
				05AEA7B51030B870007822B0 /* Logging.h */,
				05AEA7B61030B870007822B0 /* Logging.m */,
				05AEA7B71030B870007822B0 /* Test.h */,
				05AEA7B81030B870007822B0 /* Test.m */,
			);
			name = JAUtil;
			path = Vendor/JAUtil;
			sourceTree = "<group>";
		};
		19C28FACFE9D520D11CA2CBB /* Products */ = {
			isa = PBXGroup;
			children = (
				1D6058910D05DD3D006BFB54 /* StervoxyTanks.app */,
			);
			name = Products;
			sourceTree = "<group>";
		};
		216383761031A5A70008D39F /* CPChipmunk */ = {
			isa = PBXGroup;
			children = (
				2163839F1031A5A70008D39F /* CPBody.h */,
				216383A01031A5A70008D39F /* CPBody.m */,
				216383A11031A5A70008D39F /* CPChipmunk.h */,
				216383A21031A5A70008D39F /* CPChipmunk.m */,
				216383A31031A5A70008D39F /* CPConstraint.h */,
				216383A41031A5A70008D39F /* CPConstraint.m */,
				216383A51031A5A70008D39F /* CPShape.h */,
				216383A61031A5A70008D39F /* CPShape.m */,
				216383A71031A5A70008D39F /* CPSimpleMotor.h */,
				216383A81031A5A70008D39F /* CPSimpleMotor.m */,
				216383A91031A5A70008D39F /* CPSpace.h */,
				216383AA1031A5A70008D39F /* CPSpace.m */,
				216383AB1031A5A70008D39F /* README */,
			);
			name = CPChipmunk;
			path = Vendor/CPChipmunk;
			sourceTree = SOURCE_ROOT;
		};
		216383CA1031A5B80008D39F /* chipmunk */ = {
			isa = PBXGroup;
			children = (
				216383CB1031A5B80008D39F /* chipmunk.c */,
				216383CC1031A5B80008D39F /* chipmunk.h */,
				216383CD1031A5B80008D39F /* chipmunk_unsafe.h */,
				216383CE1031A5B80008D39F /* CMakeLists.txt */,
				216383CF1031A5B80008D39F /* constraints */,
				216383E71031A5B80008D39F /* cpArbiter.c */,
				216383E81031A5B80008D39F /* cpArbiter.h */,
				216383E91031A5B80008D39F /* cpArray.c */,
				216383EA1031A5B80008D39F /* cpArray.h */,
				216383EB1031A5B80008D39F /* cpBB.c */,
				216383EC1031A5B80008D39F /* cpBB.h */,
				216383ED1031A5B80008D39F /* cpBody.c */,
				216383EE1031A5B80008D39F /* cpBody.h */,
				216383EF1031A5B80008D39F /* cpCollision.c */,
				216383F01031A5B80008D39F /* cpCollision.h */,
				216383F11031A5B80008D39F /* cpHashSet.c */,
				216383F21031A5B80008D39F /* cpHashSet.h */,
				216383F31031A5B80008D39F /* cpPolyShape.c */,
				216383F41031A5B80008D39F /* cpPolyShape.h */,
				216383F51031A5B80008D39F /* cpShape.c */,
				216383F61031A5B80008D39F /* cpShape.h */,
				216383F71031A5B80008D39F /* cpSpace.c */,
				216383F81031A5B80008D39F /* cpSpace.h */,
				216383F91031A5B80008D39F /* cpSpaceHash.c */,
				216383FA1031A5B80008D39F /* cpSpaceHash.h */,
				216383FB1031A5B80008D39F /* cpVect.c */,
				216383FC1031A5B80008D39F /* cpVect.h */,
				216383FD1031A5B80008D39F /* prime.h */,
				216383FE1031A5B80008D39F /* SConscript */,
			);
			name = chipmunk;
			path = Vendor/chipmunk;
			sourceTree = SOURCE_ROOT;
		};
		216383CF1031A5B80008D39F /* constraints */ = {
			isa = PBXGroup;
			children = (
				216383D01031A5B80008D39F /* cpBreakableJoint.c */,
				216383D11031A5B80008D39F /* cpBreakableJoint.h */,
				216383D21031A5B80008D39F /* cpConstraint.c */,
				216383D31031A5B80008D39F /* cpConstraint.h */,
				216383D41031A5B80008D39F /* cpDampedRotarySpring.c */,
				216383D51031A5B80008D39F /* cpDampedRotarySpring.h */,
				216383D61031A5B80008D39F /* cpDampedSpring.c */,
				216383D71031A5B80008D39F /* cpDampedSpring.h */,
				216383D81031A5B80008D39F /* cpGearJoint.c */,
				216383D91031A5B80008D39F /* cpGearJoint.h */,
				216383DA1031A5B80008D39F /* cpGrooveJoint.c */,
				216383DB1031A5B80008D39F /* cpGrooveJoint.h */,
				216383DC1031A5B80008D39F /* cpPinJoint.c */,
				216383DD1031A5B80008D39F /* cpPinJoint.h */,
				216383DE1031A5B80008D39F /* cpPivotJoint.c */,
				216383DF1031A5B80008D39F /* cpPivotJoint.h */,
				216383E01031A5B80008D39F /* cpRotaryLimitJoint.c */,
				216383E11031A5B80008D39F /* cpRotaryLimitJoint.h */,
				216383E21031A5B80008D39F /* cpSimpleMotor.c */,
				216383E31031A5B80008D39F /* cpSimpleMotor.h */,
				216383E41031A5B80008D39F /* cpSlideJoint.c */,
				216383E51031A5B80008D39F /* cpSlideJoint.h */,
				216383E61031A5B80008D39F /* util.h */,
			);
			path = constraints;
			sourceTree = "<group>";
		};
		21638F6C103311470008D39F /* JSON */ = {
			isa = PBXGroup;
			children = (
				21638F6D103311470008D39F /* JSON.h */,
				21638F6E103311470008D39F /* NSObject+SBJSON.h */,
				21638F6F103311470008D39F /* NSObject+SBJSON.m */,
				21638F70103311470008D39F /* NSString+SBJSON.h */,
				21638F71103311470008D39F /* NSString+SBJSON.m */,
				21638F72103311470008D39F /* SBJSON.h */,
				21638F73103311470008D39F /* SBJSON.m */,
				21638F74103311470008D39F /* SBJsonBase.h */,
				21638F75103311470008D39F /* SBJsonBase.m */,
				21638F76103311470008D39F /* SBJsonParser.h */,
				21638F77103311470008D39F /* SBJsonParser.m */,
				21638F78103311470008D39F /* SBJsonWriter.h */,
				21638F79103311470008D39F /* SBJsonWriter.m */,
			);
			name = JSON;
			path = Vendor/JSON;
			sourceTree = "<group>";
		};
		29B97314FDCFA39411CA2CEA /* CustomTemplate */ = {
			isa = PBXGroup;
			children = (
				05AEA7431030949A007822B0 /* Source */,
				05AEA755103094EA007822B0 /* Resources */,
				29B97323FDCFA39411CA2CEA /* Frameworks */,
				19C28FACFE9D520D11CA2CBB /* Products */,
				05AEA76F1030B35C007822B0 /* CFNetwork.framework */,
				05AEA84E1030BE40007822B0 /* GameKit.framework */,
			);
			name = CustomTemplate;
			sourceTree = "<group>";
		};
		29B97323FDCFA39411CA2CEA /* Frameworks */ = {
			isa = PBXGroup;
			children = (
				21638F6C103311470008D39F /* JSON */,
				05AEA7601030B308007822B0 /* AsyncSocket */,
				05AEA7B01030B870007822B0 /* JAUtil */,
				216384321031AC770008D39F /* CoreGraphics.framework */,
				28FD15070DC6FC5B0079059D /* QuartzCore.framework */,
				28FD14FF0DC6FC520079059D /* OpenGLES.framework */,
				1DF5F4DF0D08C38300B7A737 /* UIKit.framework */,
				1D30AB110D05D00D00671497 /* Foundation.framework */,
				05AEA7CE1030B8C9007822B0 /* PLBlocks.framework */,
			);
			name = Frameworks;
			sourceTree = "<group>";
		};
		D81E67FC10323D9000509B49 /* Components */ = {
			isa = PBXGroup;
			children = (
				D81E696F10330F2F00509B49 /* MeshComponent.h */,
				D81E697010330F2F00509B49 /* MeshComponent.m */,
				D81E697110330F2F00509B49 /* PhysicsComponent.h */,
				D81E697210330F2F00509B49 /* PhysicsComponent.m */,
				D81E67FD10323D9000509B49 /* Component.h */,
				D81E67FE10323D9000509B49 /* Component.m */,
				D81E67FF10323D9000509B49 /* PositionComponent.h */,
				D81E680010323D9000509B49 /* PositionComponent.m */,
			);
			path = Components;
			sourceTree = "<group>";
		};
		D81E680710323DA800509B49 /* Math */ = {
			isa = PBXGroup;
			children = (
				D81E680810323DA800509B49 /* Frustum.h */,
				D81E680910323DA800509B49 /* Frustum.m */,
				D81E680A10323DA800509B49 /* Matrix.h */,
				D81E680B10323DA800509B49 /* Matrix.m */,
				D81E680C10323DA800509B49 /* Plane.h */,
				D81E680D10323DA800509B49 /* Plane.m */,
				D81E680E10323DA800509B49 /* Vector2.h */,
				D81E680F10323DA800509B49 /* Vector2.m */,
				D81E681010323DA800509B49 /* Vector3.h */,
				D81E681110323DA800509B49 /* Vector3.m */,
				D81E681210323DA800509B49 /* Vector4.h */,
				D81E681310323DA800509B49 /* Vector4.m */,
			);
			path = Math;
			sourceTree = "<group>";
		};
/* End PBXGroup section */

/* Begin PBXNativeTarget section */
		1D6058900D05DD3D006BFB54 /* StervoxyTanks */ = {
			isa = PBXNativeTarget;
			buildConfigurationList = 1D6058960D05DD3E006BFB54 /* Build configuration list for PBXNativeTarget "StervoxyTanks" */;
			buildPhases = (
				1D60588D0D05DD3D006BFB54 /* Resources */,
				1D60588E0D05DD3D006BFB54 /* Sources */,
				1D60588F0D05DD3D006BFB54 /* Frameworks */,
			);
			buildRules = (
			);
			dependencies = (
			);
			name = StervoxyTanks;
			productName = StervoxyTanks;
			productReference = 1D6058910D05DD3D006BFB54 /* StervoxyTanks.app */;
			productType = "com.apple.product-type.application";
		};
/* End PBXNativeTarget section */

/* Begin PBXProject section */
		29B97313FDCFA39411CA2CEA /* Project object */ = {
			isa = PBXProject;
			buildConfigurationList = C01FCF4E08A954540054247B /* Build configuration list for PBXProject "StervoxyTanks" */;
			compatibilityVersion = "Xcode 3.1";
			hasScannedForEncodings = 1;
			mainGroup = 29B97314FDCFA39411CA2CEA /* CustomTemplate */;
			projectDirPath = "";
			projectRoot = "";
			targets = (
				1D6058900D05DD3D006BFB54 /* StervoxyTanks */,
			);
		};
/* End PBXProject section */

/* Begin PBXResourcesBuildPhase section */
		1D60588D0D05DD3D006BFB54 /* Resources */ = {
			isa = PBXResourcesBuildPhase;
			buildActionMask = 2147483647;
			files = (
				05AEA74F1030949A007822B0 /* MainWindow.xib in Resources */,
				05AEA77C1030B5CA007822B0 /* MainMenu.xib in Resources */,
				05AEA82D1030BCA3007822B0 /* GameController.xib in Resources */,
				216383C91031A5A70008D39F /* README in Resources */,
				216384001031A5B80008D39F /* CMakeLists.txt in Resources */,
				216384171031A5B80008D39F /* SConscript in Resources */,
				2163841F1031A6AE0008D39F /* tank.png in Resources */,
				21638750103214E30008D39F /* bullet.png in Resources */,
				21638854103222E20008D39F /* wall.png in Resources */,
				21638A96103241CF0008D39F /* Default.png in Resources */,
				21638AA5103244150008D39F /* icon.png in Resources */,
				21638ABE103247840008D39F /* explosion-1.png in Resources */,
				21638ABF103247840008D39F /* explosion-2.png in Resources */,
				21638AC0103247840008D39F /* explosion-3.png in Resources */,
			);
			runOnlyForDeploymentPostprocessing = 0;
		};
/* End PBXResourcesBuildPhase section */

/* Begin PBXSourcesBuildPhase section */
		1D60588E0D05DD3D006BFB54 /* Sources */ = {
			isa = PBXSourcesBuildPhase;
			buildActionMask = 2147483647;
			files = (
				05AEA74E1030949A007822B0 /* main.m in Sources */,
				05AEA7501030949A007822B0 /* StervoxyTanksAppDelegate.m in Sources */,
				05AEA7511030949A007822B0 /* EAGLView.m in Sources */,
				05AEA76B1030B312007822B0 /* AsyncSocket.m in Sources */,
				05AEA77A1030B5A3007822B0 /* MainMenu.m in Sources */,
				05AEA7821030B621007822B0 /* ActionTableController.m in Sources */,
				05AEA7B91030B870007822B0 /* CollectionUtils.m in Sources */,
				05AEA7BA1030B870007822B0 /* ExceptionUtils.m in Sources */,
				05AEA7BB1030B870007822B0 /* Logging.m in Sources */,
				05AEA7BC1030B870007822B0 /* Test.m in Sources */,
				05AEA81A1030BB39007822B0 /* GameController.m in Sources */,
				05AEA8271030BB6E007822B0 /* GameView.m in Sources */,
				216383C31031A5A70008D39F /* CPBody.m in Sources */,
				216383C41031A5A70008D39F /* CPChipmunk.m in Sources */,
				216383C51031A5A70008D39F /* CPConstraint.m in Sources */,
				216383C61031A5A70008D39F /* CPShape.m in Sources */,
				216383C71031A5A70008D39F /* CPSimpleMotor.m in Sources */,
				216383C81031A5A70008D39F /* CPSpace.m in Sources */,
				216383FF1031A5B80008D39F /* chipmunk.c in Sources */,
				216384011031A5B80008D39F /* cpBreakableJoint.c in Sources */,
				216384021031A5B80008D39F /* cpConstraint.c in Sources */,
				216384031031A5B80008D39F /* cpDampedRotarySpring.c in Sources */,
				216384041031A5B80008D39F /* cpDampedSpring.c in Sources */,
				216384051031A5B80008D39F /* cpGearJoint.c in Sources */,
				216384061031A5B80008D39F /* cpGrooveJoint.c in Sources */,
				216384071031A5B80008D39F /* cpPinJoint.c in Sources */,
				216384081031A5B80008D39F /* cpPivotJoint.c in Sources */,
				216384091031A5B80008D39F /* cpRotaryLimitJoint.c in Sources */,
				2163840A1031A5B80008D39F /* cpSimpleMotor.c in Sources */,
				2163840B1031A5B80008D39F /* cpSlideJoint.c in Sources */,
				2163840C1031A5B80008D39F /* cpArbiter.c in Sources */,
				2163840D1031A5B80008D39F /* cpArray.c in Sources */,
				2163840E1031A5B80008D39F /* cpBB.c in Sources */,
				2163840F1031A5B80008D39F /* cpBody.c in Sources */,
				216384101031A5B80008D39F /* cpCollision.c in Sources */,
				216384111031A5B80008D39F /* cpHashSet.c in Sources */,
				216384121031A5B80008D39F /* cpPolyShape.c in Sources */,
				216384131031A5B80008D39F /* cpShape.c in Sources */,
				216384141031A5B80008D39F /* cpSpace.c in Sources */,
				216384151031A5B80008D39F /* cpSpaceHash.c in Sources */,
				216384161031A5B80008D39F /* cpVect.c in Sources */,
				2163841A1031A5E10008D39F /* Tank.m in Sources */,
				2163841D1031A6800008D39F /* Texture2D.m in Sources */,
				216385C11031C1590008D39F /* Level.m in Sources */,
				21638744103213630008D39F /* Bullet.m in Sources */,
				216387701032186F0008D39F /* PhysicalObject.m in Sources */,
				2163882A103220BF0008D39F /* Box.m in Sources */,
				0504ACDA103239D700F0BCBB /* TCFakeAccelerometer.m in Sources */,
				D81E680110323D9000509B49 /* Component.m in Sources */,
				D81E680210323D9000509B49 /* PositionComponent.m in Sources */,
				D81E681410323DA800509B49 /* Frustum.m in Sources */,
				D81E681510323DA800509B49 /* Matrix.m in Sources */,
				D81E681610323DA800509B49 /* Plane.m in Sources */,
				D81E681710323DA800509B49 /* Vector2.m in Sources */,
				D81E681810323DA800509B49 /* Vector3.m in Sources */,
				D81E681910323DA800509B49 /* Vector4.m in Sources */,
				21638AC3103247AD0008D39F /* Effect.m in Sources */,
				21638AC6103248230008D39F /* ExplosionEffect.m in Sources */,
				21638D391032F93D0008D39F /* TankController.m in Sources */,
				21638DDB103301070008D39F /* AccelerometerTankController.m in Sources */,
				21638DDE1033017B0008D39F /* AITankController.m in Sources */,
				21638E33103303960008D39F /* Game.m in Sources */,
				D81E697610330F2F00509B49 /* MeshComponent.m in Sources */,
				D81E697710330F2F00509B49 /* PhysicsComponent.m in Sources */,
				D81E697B10330F4900509B49 /* Factory.m in Sources */,
				0504AE741033104E00F0BCBB /* STNetwork.m in Sources */,
				21638F7A103311470008D39F /* NSObject+SBJSON.m in Sources */,
				21638F7B103311470008D39F /* NSString+SBJSON.m in Sources */,
				21638F7C103311470008D39F /* SBJSON.m in Sources */,
				21638F7D103311470008D39F /* SBJsonBase.m in Sources */,
				21638F7E103311470008D39F /* SBJsonParser.m in Sources */,
				21638F7F103311470008D39F /* SBJsonWriter.m in Sources */,
				2163906710331EE80008D39F /* cutils.m in Sources */,
			);
			runOnlyForDeploymentPostprocessing = 0;
		};
/* End PBXSourcesBuildPhase section */

/* Begin XCBuildConfiguration section */
		1D6058940D05DD3E006BFB54 /* Debug */ = {
			isa = XCBuildConfiguration;
			buildSettings = {
				ALWAYS_SEARCH_USER_PATHS = NO;
				COPY_PHASE_STRIP = NO;
				FRAMEWORK_SEARCH_PATHS = (
					"$(inherited)",
					"\"$(SRCROOT)/Vendor/plblocks/iPhone Runtime\"",
				);
				GCC_DYNAMIC_NO_PIC = NO;
				GCC_OPTIMIZATION_LEVEL = 0;
				GCC_PRECOMPILE_PREFIX_HEADER = YES;
				GCC_PREFIX_HEADER = Source/App/StervoxyTanks_Prefix.pch;
				"GCC_THUMB_SUPPORT[arch=armv6]" = "";
				GCC_VERSION = coop.plausible.blocks.compilers.gcc.4_2;
				INFOPLIST_FILE = "Resources/StervoxyTanks-Info.plist";
				PRODUCT_NAME = StervoxyTanks;
			};
			name = Debug;
		};
		1D6058950D05DD3E006BFB54 /* Release */ = {
			isa = XCBuildConfiguration;
			buildSettings = {
				ALWAYS_SEARCH_USER_PATHS = NO;
				COPY_PHASE_STRIP = YES;
				FRAMEWORK_SEARCH_PATHS = (
					"$(inherited)",
					"\"$(SRCROOT)/Vendor/plblocks/iPhone Runtime\"",
				);
				GCC_PRECOMPILE_PREFIX_HEADER = YES;
				GCC_PREFIX_HEADER = Source/App/StervoxyTanks_Prefix.pch;
				"GCC_THUMB_SUPPORT[arch=armv6]" = "";
				GCC_VERSION = coop.plausible.blocks.compilers.gcc.4_2;
				INFOPLIST_FILE = "Resources/StervoxyTanks-Info.plist";
				PRODUCT_NAME = StervoxyTanks;
			};
			name = Release;
		};
		C01FCF4F08A954540054247B /* Debug */ = {
			isa = XCBuildConfiguration;
			buildSettings = {
				ARCHS = "$(ARCHS_STANDARD_32_BIT)";
				"CODE_SIGN_IDENTITY[sdk=iphoneos*]" = "iPhone Developer";
				GCC_C_LANGUAGE_STANDARD = c99;
				GCC_WARN_ABOUT_RETURN_TYPE = YES;
				GCC_WARN_UNUSED_VARIABLE = YES;
				PREBINDING = NO;
				SDKROOT = iphoneos3.0;
			};
			name = Debug;
		};
		C01FCF5008A954540054247B /* Release */ = {
			isa = XCBuildConfiguration;
			buildSettings = {
				ARCHS = "$(ARCHS_STANDARD_32_BIT)";
				"CODE_SIGN_IDENTITY[sdk=iphoneos*]" = "iPhone Developer";
				GCC_C_LANGUAGE_STANDARD = c99;
				GCC_WARN_ABOUT_RETURN_TYPE = YES;
				GCC_WARN_UNUSED_VARIABLE = YES;
				PREBINDING = NO;
				SDKROOT = iphoneos3.0;
			};
			name = Release;
		};
/* End XCBuildConfiguration section */

/* Begin XCConfigurationList section */
		1D6058960D05DD3E006BFB54 /* Build configuration list for PBXNativeTarget "StervoxyTanks" */ = {
			isa = XCConfigurationList;
			buildConfigurations = (
				1D6058940D05DD3E006BFB54 /* Debug */,
				1D6058950D05DD3E006BFB54 /* Release */,
			);
			defaultConfigurationIsVisible = 0;
			defaultConfigurationName = Release;
		};
		C01FCF4E08A954540054247B /* Build configuration list for PBXProject "StervoxyTanks" */ = {
			isa = XCConfigurationList;
			buildConfigurations = (
				C01FCF4F08A954540054247B /* Debug */,
				C01FCF5008A954540054247B /* Release */,
			);
			defaultConfigurationIsVisible = 0;
			defaultConfigurationName = Release;
		};
/* End XCConfigurationList section */
	};
	rootObject = 29B97313FDCFA39411CA2CEA /* Project object */;
}
